{
  "lockfileVersion": 2,
  "configVersion": 1,
  "workspaces": {
    "": {
      "name": "arbol-a-synapse-capture",
      "dependencies": {
        "postal-mime": "3.0.0",
      },
    },
  },
  "packages": {
    "postal-mime": ["postal-mime@3.0.0", "", {}, "sha512-Z4a9ar2Bv3YpK3IXag+Yda30k7bMZfpRuUGyqtHnZ2pjHG8Bl62EhZIk4n1dzv00gfzP9g+94e9kd8+XmjVWLA=="],
  }
}
